
Microsoft Visual Studio Solution File, Format Version 12.00
# Visual Studio Version 17
VisualStudioVersion = 17.6.33829.357
MinimumVisualStudioVersion = 10.0.40219.1
Project("{FAE04EC0-301F-11D3-BF4B-00C04F79EFBC}") = "Engelsiz_Damacana", "Engelsiz_Damacana.csproj", "{8F75309F-6179-4A53-A483-E6ADA5930CD0}"
EndProject
Global
	GlobalSection(SolutionConfigurationPlatforms) = preSolution
		Debug|Any CPU = Debug|Any CPU
		Release|Any CPU = Release|Any CPU
	EndGlobalSection
	GlobalSection(ProjectConfigurationPlatforms) = postSolution
		{8F75309F-6179-4A53-A483-E6ADA5930CD0}.Debug|Any CPU.ActiveCfg = Debug|Any CPU
		{8F75309F-6179-4A53-A483-E6ADA5930CD0}.Debug|Any CPU.Build.0 = Debug|Any CPU
		{8F75309F-6179-4A53-A483-E6ADA5930CD0}.Release|Any CPU.ActiveCfg = Release|Any CPU
		{8F75309F-6179-4A53-A483-E6ADA5930CD0}.Release|Any CPU.Build.0 = Release|Any CPU
	EndGlobalSection
	GlobalSection(SolutionProperties) = preSolution
		HideSolutionNode = FALSE
	EndGlobalSection
	GlobalSection(ExtensibilityGlobals) = postSolution
		SolutionGuid = {40A97D7A-21C1-43CF-9D8F-8C2038DDDF50}
	EndGlobalSection
EndGlobal
